
Microsoft Visual Studio Solution File, Format Version 12.00
# Visual Studio Version 17
VisualStudioVersion = 17.13.35931.197
MinimumVisualStudioVersion = 10.0.40219.1
Project("{FAE04EC0-301F-11D3-BF4B-00C04F79EFBC}") = "PotisanBluetoothLELib", "PotisanBluetoothLELib\PotisanBluetoothLELib.csproj", "{477A51ED-3A09-417C-B265-EA3BD4002BB4}"
EndProject
Project("{2150E333-8FDC-42A3-9474-1A3956D46DE8}") = "Samples", "Samples", "{DDB4EF12-CC4E-5E88-E6FC-71A802F4DE97}"
EndProject
Project("{2150E333-8FDC-42A3-9474-1A3956D46DE8}") = "Solution Items", "Solution Items", "{79052E3F-C075-4663-A425-B229BCB29F2F}"
	ProjectSection(SolutionItems) = preProject
		.editorconfig = .editorconfig
	EndProjectSection
EndProject
Project("{FAE04EC0-301F-11D3-BF4B-00C04F79EFBC}") = "BleView", "Samples\BleView\BleView.csproj", "{DF214733-FFFF-9D00-2914-8E90E47FC30C}"
EndProject
Global
	GlobalSection(SolutionConfigurationPlatforms) = preSolution
		Debug|Any CPU = Debug|Any CPU
		Release|Any CPU = Release|Any CPU
	EndGlobalSection
	GlobalSection(ProjectConfigurationPlatforms) = postSolution
		{477A51ED-3A09-417C-B265-EA3BD4002BB4}.Debug|Any CPU.ActiveCfg = Debug|Any CPU
		{477A51ED-3A09-417C-B265-EA3BD4002BB4}.Debug|Any CPU.Build.0 = Debug|Any CPU
		{477A51ED-3A09-417C-B265-EA3BD4002BB4}.Release|Any CPU.ActiveCfg = Release|Any CPU
		{477A51ED-3A09-417C-B265-EA3BD4002BB4}.Release|Any CPU.Build.0 = Release|Any CPU
		{DF214733-FFFF-9D00-2914-8E90E47FC30C}.Debug|Any CPU.ActiveCfg = Debug|Any CPU
		{DF214733-FFFF-9D00-2914-8E90E47FC30C}.Debug|Any CPU.Build.0 = Debug|Any CPU
		{DF214733-FFFF-9D00-2914-8E90E47FC30C}.Release|Any CPU.ActiveCfg = Release|Any CPU
		{DF214733-FFFF-9D00-2914-8E90E47FC30C}.Release|Any CPU.Build.0 = Release|Any CPU
	EndGlobalSection
	GlobalSection(SolutionProperties) = preSolution
		HideSolutionNode = FALSE
	EndGlobalSection
	GlobalSection(NestedProjects) = preSolution
		{DF214733-FFFF-9D00-2914-8E90E47FC30C} = {DDB4EF12-CC4E-5E88-E6FC-71A802F4DE97}
	EndGlobalSection
	GlobalSection(ExtensibilityGlobals) = postSolution
		SolutionGuid = {194F0AA3-B86D-4A37-AD01-D22E18775B36}
	EndGlobalSection
EndGlobal
